
Microsoft Visual Studio Solution File, Format Version 12.00
# Visual Studio 2012
Project("{FAE04EC0-301F-11D3-BF4B-00C04F79EFBC}") = "KarthicAlgorithms", "KarthicAlgorithmSolutions\KarthicAlgorithms.csproj", "{FBFBB4A2-6E1B-4F43-A980-29B25A4E76CE}"
EndProject
Project("{FAE04EC0-301F-11D3-BF4B-00C04F79EFBC}") = "UnitTestProject", "UnitTestProject\UnitTestProject.csproj", "{3B4696C7-3606-438A-82D9-5EFCA131A51A}"
EndProject
Project("{FAE04EC0-301F-11D3-BF4B-00C04F79EFBC}") = "ScreeningTest", "ScreeningTest\ScreeningTest.csproj", "{1E40209A-4BD6-4276-9524-734CE44A86AD}"
EndProject
Global
	GlobalSection(SolutionConfigurationPlatforms) = preSolution
		Debug|Any CPU = Debug|Any CPU
		Release|Any CPU = Release|Any CPU
	EndGlobalSection
	GlobalSection(ProjectConfigurationPlatforms) = postSolution
		{FBFBB4A2-6E1B-4F43-A980-29B25A4E76CE}.Debug|Any CPU.ActiveCfg = Debug|Any CPU
		{FBFBB4A2-6E1B-4F43-A980-29B25A4E76CE}.Debug|Any CPU.Build.0 = Debug|Any CPU
		{FBFBB4A2-6E1B-4F43-A980-29B25A4E76CE}.Release|Any CPU.ActiveCfg = Release|Any CPU
		{FBFBB4A2-6E1B-4F43-A980-29B25A4E76CE}.Release|Any CPU.Build.0 = Release|Any CPU
		{3B4696C7-3606-438A-82D9-5EFCA131A51A}.Debug|Any CPU.ActiveCfg = Debug|Any CPU
		{3B4696C7-3606-438A-82D9-5EFCA131A51A}.Debug|Any CPU.Build.0 = Debug|Any CPU
		{3B4696C7-3606-438A-82D9-5EFCA131A51A}.Release|Any CPU.ActiveCfg = Release|Any CPU
		{3B4696C7-3606-438A-82D9-5EFCA131A51A}.Release|Any CPU.Build.0 = Release|Any CPU
		{1E40209A-4BD6-4276-9524-734CE44A86AD}.Debug|Any CPU.ActiveCfg = Debug|Any CPU
		{1E40209A-4BD6-4276-9524-734CE44A86AD}.Debug|Any CPU.Build.0 = Debug|Any CPU
		{1E40209A-4BD6-4276-9524-734CE44A86AD}.Release|Any CPU.ActiveCfg = Release|Any CPU
		{1E40209A-4BD6-4276-9524-734CE44A86AD}.Release|Any CPU.Build.0 = Release|Any CPU
	EndGlobalSection
	GlobalSection(SolutionProperties) = preSolution
		HideSolutionNode = FALSE
	EndGlobalSection
EndGlobal
